
Microsoft Visual Studio Solution File, Format Version 12.00
# Visual Studio 15
Project("{FAE04EC0-301F-11D3-BF4B-00C04F79EFBC}") = "ArtistStats_web", "ArtistStats_web.csproj", "{538F1273-EF9A-4F0A-A7CB-32B1D07A13B2}"
EndProject
Global
	GlobalSection(SolutionConfigurationPlatforms) = preSolution
		Debug|Any CPU = Debug|Any CPU
		Release|Any CPU = Release|Any CPU
	EndGlobalSection
	GlobalSection(ProjectConfigurationPlatforms) = postSolution
		{538F1273-EF9A-4F0A-A7CB-32B1D07A13B2}.Debug|Any CPU.ActiveCfg = Debug|Any CPU
		{538F1273-EF9A-4F0A-A7CB-32B1D07A13B2}.Debug|Any CPU.Build.0 = Debug|Any CPU
		{538F1273-EF9A-4F0A-A7CB-32B1D07A13B2}.Release|Any CPU.ActiveCfg = Release|Any CPU
		{538F1273-EF9A-4F0A-A7CB-32B1D07A13B2}.Release|Any CPU.Build.0 = Release|Any CPU
	EndGlobalSection
EndGlobal
