Microsoft Visual Studio Solution File, Format Version 12.00
# Visual Studio Version 16
VisualStudioVersion = 16.0.29209.152
MinimumVisualStudioVersion = 10.0.40219.1
Project("{9A19103F-16F7-4668-BE54-9A1E7A4F7556}") = "ArtistStats_web", "ArtistStats_web.csproj", "{538F1273-EF9A-4F0A-A7CB-32B1D07A13B2}"
EndProject
Project("{FAE04EC0-301F-11D3-BF4B-00C04F79EFBC}") = "ArtistStats.Test", "..\ArtistStats.Test\ArtistStats.Test.csproj", "{7BB4A30F-BB21-4B6E-887E-DCC48BAED206}"
EndProject
Global
	GlobalSection(SolutionConfigurationPlatforms) = preSolution
		Debug|Any CPU = Debug|Any CPU
		Release|Any CPU = Release|Any CPU
	EndGlobalSection
	GlobalSection(ProjectConfigurationPlatforms) = postSolution
		{538F1273-EF9A-4F0A-A7CB-32B1D07A13B2}.Debug|Any CPU.ActiveCfg = Debug|Any CPU
		{538F1273-EF9A-4F0A-A7CB-32B1D07A13B2}.Debug|Any CPU.Build.0 = Debug|Any CPU
		{538F1273-EF9A-4F0A-A7CB-32B1D07A13B2}.Release|Any CPU.ActiveCfg = Release|Any CPU
		{538F1273-EF9A-4F0A-A7CB-32B1D07A13B2}.Release|Any CPU.Build.0 = Release|Any CPU
		{7BB4A30F-BB21-4B6E-887E-DCC48BAED206}.Debug|Any CPU.ActiveCfg = Debug|Any CPU
		{7BB4A30F-BB21-4B6E-887E-DCC48BAED206}.Debug|Any CPU.Build.0 = Debug|Any CPU
		{7BB4A30F-BB21-4B6E-887E-DCC48BAED206}.Release|Any CPU.ActiveCfg = Release|Any CPU
		{7BB4A30F-BB21-4B6E-887E-DCC48BAED206}.Release|Any CPU.Build.0 = Release|Any CPU
	EndGlobalSection
	GlobalSection(SolutionProperties) = preSolution
		HideSolutionNode = FALSE
	EndGlobalSection
	GlobalSection(ExtensibilityGlobals) = postSolution
		SolutionGuid = {E75EA236-DEB8-4982-9928-6791B93E12E9}
	EndGlobalSection
EndGlobal
